
Microsoft Visual Studio Solution File, Format Version 12.00
# Visual Studio 14
VisualStudioVersion = 14.0.23107.0
MinimumVisualStudioVersion = 10.0.40219.1
Project("{FAE04EC0-301F-11D3-BF4B-00C04F79EFBC}") = "GameObject", "GameObject\GameObject.csproj", "{647FA88A-1F63-465B-B91A-1DB1C5044F1C}"
EndProject
Global
	GlobalSection(SolutionConfigurationPlatforms) = preSolution
		Debug|Any CPU = Debug|Any CPU
		Release|Any CPU = Release|Any CPU
	EndGlobalSection
	GlobalSection(ProjectConfigurationPlatforms) = postSolution
		{647FA88A-1F63-465B-B91A-1DB1C5044F1C}.Debug|Any CPU.ActiveCfg = Debug|Any CPU
		{647FA88A-1F63-465B-B91A-1DB1C5044F1C}.Debug|Any CPU.Build.0 = Debug|Any CPU
		{647FA88A-1F63-465B-B91A-1DB1C5044F1C}.Release|Any CPU.ActiveCfg = Release|Any CPU
		{647FA88A-1F63-465B-B91A-1DB1C5044F1C}.Release|Any CPU.Build.0 = Release|Any CPU
	EndGlobalSection
	GlobalSection(SolutionProperties) = preSolution
		HideSolutionNode = FALSE
	EndGlobalSection
EndGlobal
